
Microsoft Visual Studio Solution File, Format Version 11.00
# Visual Studio 2010
Project("{FAE04EC0-301F-11D3-BF4B-00C04F79EFBC}") = "SampleCodeLibrary", "SampleCodeLibrary.csproj", "{9459ABAB-B9A4-4226-B57E-93704D9EA2F8}"
EndProject
Project("{FAE04EC0-301F-11D3-BF4B-00C04F79EFBC}") = "SampleCodeTests", "..\SampleCodeTests\SampleCodeTests.csproj", "{1EC1F560-7B16-44FC-B3D4-5A8904CA7709}"
EndProject
Global
	GlobalSection(SolutionConfigurationPlatforms) = preSolution
		Debug|Any CPU = Debug|Any CPU
		Release|Any CPU = Release|Any CPU
	EndGlobalSection
	GlobalSection(ProjectConfigurationPlatforms) = postSolution
		{9459ABAB-B9A4-4226-B57E-93704D9EA2F8}.Debug|Any CPU.ActiveCfg = Debug|Any CPU
		{9459ABAB-B9A4-4226-B57E-93704D9EA2F8}.Debug|Any CPU.Build.0 = Debug|Any CPU
		{9459ABAB-B9A4-4226-B57E-93704D9EA2F8}.Release|Any CPU.ActiveCfg = Release|Any CPU
		{9459ABAB-B9A4-4226-B57E-93704D9EA2F8}.Release|Any CPU.Build.0 = Release|Any CPU
		{1EC1F560-7B16-44FC-B3D4-5A8904CA7709}.Debug|Any CPU.ActiveCfg = Debug|Any CPU
		{1EC1F560-7B16-44FC-B3D4-5A8904CA7709}.Debug|Any CPU.Build.0 = Debug|Any CPU
		{1EC1F560-7B16-44FC-B3D4-5A8904CA7709}.Release|Any CPU.ActiveCfg = Release|Any CPU
		{1EC1F560-7B16-44FC-B3D4-5A8904CA7709}.Release|Any CPU.Build.0 = Release|Any CPU
	EndGlobalSection
	GlobalSection(SolutionProperties) = preSolution
		HideSolutionNode = FALSE
	EndGlobalSection
EndGlobal
